
Microsoft Visual Studio Solution File, Format Version 12.00
# Visual Studio Version 17
VisualStudioVersion = 17.3.32929.385
MinimumVisualStudioVersion = 10.0.40219.1
Project("{FAE04EC0-301F-11D3-BF4B-00C04F79EFBC}") = "Exec_List", "Exec_List\Exec_List.csproj", "{EC255047-EC6A-4FC1-A956-D6779FE24AB9}"
EndProject
Global
	GlobalSection(SolutionConfigurationPlatforms) = preSolution
		Debug|Any CPU = Debug|Any CPU
		Release|Any CPU = Release|Any CPU
	EndGlobalSection
	GlobalSection(ProjectConfigurationPlatforms) = postSolution
		{EC255047-EC6A-4FC1-A956-D6779FE24AB9}.Debug|Any CPU.ActiveCfg = Debug|Any CPU
		{EC255047-EC6A-4FC1-A956-D6779FE24AB9}.Debug|Any CPU.Build.0 = Debug|Any CPU
		{EC255047-EC6A-4FC1-A956-D6779FE24AB9}.Release|Any CPU.ActiveCfg = Release|Any CPU
		{EC255047-EC6A-4FC1-A956-D6779FE24AB9}.Release|Any CPU.Build.0 = Release|Any CPU
	EndGlobalSection
	GlobalSection(SolutionProperties) = preSolution
		HideSolutionNode = FALSE
	EndGlobalSection
	GlobalSection(ExtensibilityGlobals) = postSolution
		SolutionGuid = {EEB9B946-062A-416F-87D5-5C637D26F507}
	EndGlobalSection
EndGlobal
